
Microsoft Visual Studio Solution File, Format Version 12.00
# Visual Studio Version 16
VisualStudioVersion = 16.0.29613.14
MinimumVisualStudioVersion = 10.0.40219.1
Project("{9A19103F-16F7-4668-BE54-9A1E7A4F7556}") = "ConsoleApp4", "ConsoleApp4\ConsoleApp4.csproj", "{0CA857B7-E8FB-49FF-B2A7-95E16D9FD44A}"
EndProject
Project("{2150E333-8FDC-42A3-9474-1A3956D46DE8}") = "Solution Items", "Solution Items", "{C20F5D7A-B691-453E-BADB-984A00CB2503}"
EndProject
Global
	GlobalSection(SolutionConfigurationPlatforms) = preSolution
		Debug|Any CPU = Debug|Any CPU
		Release|Any CPU = Release|Any CPU
	EndGlobalSection
	GlobalSection(ProjectConfigurationPlatforms) = postSolution
		{0CA857B7-E8FB-49FF-B2A7-95E16D9FD44A}.Debug|Any CPU.ActiveCfg = Debug|Any CPU
		{0CA857B7-E8FB-49FF-B2A7-95E16D9FD44A}.Debug|Any CPU.Build.0 = Debug|Any CPU
		{0CA857B7-E8FB-49FF-B2A7-95E16D9FD44A}.Release|Any CPU.ActiveCfg = Release|Any CPU
		{0CA857B7-E8FB-49FF-B2A7-95E16D9FD44A}.Release|Any CPU.Build.0 = Release|Any CPU
	EndGlobalSection
	GlobalSection(SolutionProperties) = preSolution
		HideSolutionNode = FALSE
	EndGlobalSection
	GlobalSection(ExtensibilityGlobals) = postSolution
		SolutionGuid = {CFAFDA20-ED8A-4423-9AAA-FFC99702895A}
	EndGlobalSection
EndGlobal
